
Microsoft Visual Studio Solution File, Format Version 12.00
# Visual Studio 15
VisualStudioVersion = 15.0.27004.2010
MinimumVisualStudioVersion = 10.0.40219.1
Project("{9A19103F-16F7-4668-BE54-9A1E7A4F7556}") = "DataAccessLayer", "DataAccessLayer\DataAccessLayer.csproj", "{0D87DC91-C829-4006-AC06-2703F5FC2647}"
EndProject
Project("{9A19103F-16F7-4668-BE54-9A1E7A4F7556}") = "DataAccessLayer.Test", "DataAccessLAyer.Test\DataAccessLayer.Test.csproj", "{B9713F5B-AD92-4C6D-A22F-1CAB3034D9C7}"
	ProjectSection(ProjectDependencies) = postProject
		{0D87DC91-C829-4006-AC06-2703F5FC2647} = {0D87DC91-C829-4006-AC06-2703F5FC2647}
	EndProjectSection
EndProject
Project("{9A19103F-16F7-4668-BE54-9A1E7A4F7556}") = "SovaWebService", "SovaWebService\SovaWebService.csproj", "{0CAB4549-1EBB-401D-8712-E2ADECF544E4}"
EndProject
Project("{9A19103F-16F7-4668-BE54-9A1E7A4F7556}") = "SovaWebService.Test", "SovaWebService.Test\SovaWebService.Test.csproj", "{921408D8-3012-4312-A45D-A7F02AA054BB}"
EndProject
Global
	GlobalSection(SolutionConfigurationPlatforms) = preSolution
		Debug|Any CPU = Debug|Any CPU
		Release|Any CPU = Release|Any CPU
	EndGlobalSection
	GlobalSection(ProjectConfigurationPlatforms) = postSolution
		{0D87DC91-C829-4006-AC06-2703F5FC2647}.Debug|Any CPU.ActiveCfg = Debug|Any CPU
		{0D87DC91-C829-4006-AC06-2703F5FC2647}.Debug|Any CPU.Build.0 = Debug|Any CPU
		{0D87DC91-C829-4006-AC06-2703F5FC2647}.Release|Any CPU.ActiveCfg = Release|Any CPU
		{0D87DC91-C829-4006-AC06-2703F5FC2647}.Release|Any CPU.Build.0 = Release|Any CPU
		{B9713F5B-AD92-4C6D-A22F-1CAB3034D9C7}.Debug|Any CPU.ActiveCfg = Debug|Any CPU
		{B9713F5B-AD92-4C6D-A22F-1CAB3034D9C7}.Debug|Any CPU.Build.0 = Debug|Any CPU
		{B9713F5B-AD92-4C6D-A22F-1CAB3034D9C7}.Release|Any CPU.ActiveCfg = Release|Any CPU
		{B9713F5B-AD92-4C6D-A22F-1CAB3034D9C7}.Release|Any CPU.Build.0 = Release|Any CPU
		{0CAB4549-1EBB-401D-8712-E2ADECF544E4}.Debug|Any CPU.ActiveCfg = Debug|Any CPU
		{0CAB4549-1EBB-401D-8712-E2ADECF544E4}.Debug|Any CPU.Build.0 = Debug|Any CPU
		{0CAB4549-1EBB-401D-8712-E2ADECF544E4}.Release|Any CPU.ActiveCfg = Release|Any CPU
		{0CAB4549-1EBB-401D-8712-E2ADECF544E4}.Release|Any CPU.Build.0 = Release|Any CPU
		{921408D8-3012-4312-A45D-A7F02AA054BB}.Debug|Any CPU.ActiveCfg = Debug|Any CPU
		{921408D8-3012-4312-A45D-A7F02AA054BB}.Debug|Any CPU.Build.0 = Debug|Any CPU
		{921408D8-3012-4312-A45D-A7F02AA054BB}.Release|Any CPU.ActiveCfg = Release|Any CPU
		{921408D8-3012-4312-A45D-A7F02AA054BB}.Release|Any CPU.Build.0 = Release|Any CPU
	EndGlobalSection
	GlobalSection(SolutionProperties) = preSolution
		HideSolutionNode = FALSE
	EndGlobalSection
	GlobalSection(ExtensibilityGlobals) = postSolution
		SolutionGuid = {DD38A327-A0F2-4EAB-B950-C2D6BB1B71FD}
	EndGlobalSection
EndGlobal
